
Microsoft Visual Studio Solution File, Format Version 12.00
# Visual Studio Version 17
VisualStudioVersion = 17.4.33205.214
MinimumVisualStudioVersion = 10.0.0.1
Project("{9A19103F-16F7-4668-BE54-9A1E7A4F7556}") = "EmployeePerformanceApp", "EmployeePerformanceApp\EmployeePerformanceApp.csproj", "{F058E29E-9B8B-46B7-91AF-15A6A23D62D4}"
EndProject
Global
	GlobalSection(SolutionConfigurationPlatforms) = preSolution
		Debug|Any CPU = Debug|Any CPU
		Release|Any CPU = Release|Any CPU
	EndGlobalSection
	GlobalSection(ProjectConfigurationPlatforms) = postSolution
		{F058E29E-9B8B-46B7-91AF-15A6A23D62D4}.Debug|Any CPU.ActiveCfg = Debug|Any CPU
		{F058E29E-9B8B-46B7-91AF-15A6A23D62D4}.Debug|Any CPU.Build.0 = Debug|Any CPU
		{F058E29E-9B8B-46B7-91AF-15A6A23D62D4}.Release|Any CPU.ActiveCfg = Release|Any CPU
		{F058E29E-9B8B-46B7-91AF-15A6A23D62D4}.Release|Any CPU.Build.0 = Release|Any CPU
	EndGlobalSection
	GlobalSection(SolutionProperties) = preSolution
		HideSolutionNode = FALSE
	EndGlobalSection
	GlobalSection(ExtensibilityGlobals) = postSolution
		SolutionGuid = {DD7F4296-A395-49B7-81BC-94D781462F18}
	EndGlobalSection
EndGlobal
